{
  "name": "which-code",
  "lockfileVersion": 3,
  "requires": true,
  "packages": {
    "": {
      "dependencies": {
        "get-shit-done-cc": "^1.38.3"
      }
    },
    "node_modules/get-shit-done-cc": {
      "version": "1.38.3",
      "resolved": "https://registry.npmjs.org/get-shit-done-cc/-/get-shit-done-cc-1.38.3.tgz",
      "integrity": "sha512-T4z17BFBQo03uoev9Pa+1m0abf8K2XK6pXkFda3pT9bcgxHzlt2g78TvCNIcqbDhUJ/1FmjDEu6vAN2ca4F8YA==",
      "license": "MIT",
      "bin": {
        "get-shit-done-cc": "bin/install.js"
      },
      "engines": {
        "node": ">=22.0.0"
      }
    }
  }
}
